
Microsoft Visual Studio Solution File, Format Version 12.00
# Visual Studio Version 17
VisualStudioVersion = 17.13.35931.197
MinimumVisualStudioVersion = 10.0.40219.1
Project("{FAE04EC0-301F-11D3-BF4B-00C04F79EFBC}") = "TechMoveGLMS", "TechMoveGLMS\TechMoveGLMS.csproj", "{28B78D8C-C0DF-45D8-9328-4D7F5EDDD2CD}"
EndProject
Project("{FAE04EC0-301F-11D3-BF4B-00C04F79EFBC}") = "TechMoveGLMS.Tests", "TechMoveGLMS.Tests\TechMoveGLMS.Tests.csproj", "{B3BBBC3A-1E62-4240-ACD2-7A85A7358F74}"
EndProject
Global
	GlobalSection(SolutionConfigurationPlatforms) = preSolution
		Debug|Any CPU = Debug|Any CPU
		Release|Any CPU = Release|Any CPU
	EndGlobalSection
	GlobalSection(ProjectConfigurationPlatforms) = postSolution
		{28B78D8C-C0DF-45D8-9328-4D7F5EDDD2CD}.Debug|Any CPU.ActiveCfg = Debug|Any CPU
		{28B78D8C-C0DF-45D8-9328-4D7F5EDDD2CD}.Debug|Any CPU.Build.0 = Debug|Any CPU
		{28B78D8C-C0DF-45D8-9328-4D7F5EDDD2CD}.Release|Any CPU.ActiveCfg = Release|Any CPU
		{28B78D8C-C0DF-45D8-9328-4D7F5EDDD2CD}.Release|Any CPU.Build.0 = Release|Any CPU
		{B3BBBC3A-1E62-4240-ACD2-7A85A7358F74}.Debug|Any CPU.ActiveCfg = Debug|Any CPU
		{B3BBBC3A-1E62-4240-ACD2-7A85A7358F74}.Debug|Any CPU.Build.0 = Debug|Any CPU
		{B3BBBC3A-1E62-4240-ACD2-7A85A7358F74}.Release|Any CPU.ActiveCfg = Release|Any CPU
		{B3BBBC3A-1E62-4240-ACD2-7A85A7358F74}.Release|Any CPU.Build.0 = Release|Any CPU
	EndGlobalSection
	GlobalSection(SolutionProperties) = preSolution
		HideSolutionNode = FALSE
	EndGlobalSection
	GlobalSection(ExtensibilityGlobals) = postSolution
		SolutionGuid = {3D05551E-F953-4479-BFC6-53D2CCC0647A}
	EndGlobalSection
EndGlobal
